
Microsoft Visual Studio Solution File, Format Version 12.00
# Visual Studio 15
VisualStudioVersion = 15.0.27130.2024
MinimumVisualStudioVersion = 10.0.40219.1
Project("{F184B08F-C81C-45F6-A57F-5ABD9991F28F}") = "Examen", "Examen\Examen.vbproj", "{0483E985-9294-4869-8E5E-2C2802F66859}"
EndProject
Global
	GlobalSection(SolutionConfigurationPlatforms) = preSolution
		Debug|Any CPU = Debug|Any CPU
		Release|Any CPU = Release|Any CPU
	EndGlobalSection
	GlobalSection(ProjectConfigurationPlatforms) = postSolution
		{0483E985-9294-4869-8E5E-2C2802F66859}.Debug|Any CPU.ActiveCfg = Debug|Any CPU
		{0483E985-9294-4869-8E5E-2C2802F66859}.Debug|Any CPU.Build.0 = Debug|Any CPU
		{0483E985-9294-4869-8E5E-2C2802F66859}.Release|Any CPU.ActiveCfg = Release|Any CPU
		{0483E985-9294-4869-8E5E-2C2802F66859}.Release|Any CPU.Build.0 = Release|Any CPU
	EndGlobalSection
	GlobalSection(SolutionProperties) = preSolution
		HideSolutionNode = FALSE
	EndGlobalSection
	GlobalSection(ExtensibilityGlobals) = postSolution
		SolutionGuid = {F5A46FD0-BB33-4839-BAE8-26095B157DC9}
	EndGlobalSection
EndGlobal
